
Microsoft Visual Studio Solution File, Format Version 12.00
# Visual Studio Version 16
VisualStudioVersion = 16.0.31112.23
MinimumVisualStudioVersion = 10.0.40219.1
Project("{9A19103F-16F7-4668-BE54-9A1E7A4F7556}") = "BifrostApi", "BifrostApi.csproj", "{93454072-F78B-4833-BC06-3DD8B6E33228}"
EndProject
Global
	GlobalSection(SolutionConfigurationPlatforms) = preSolution
		Debug|Any CPU = Debug|Any CPU
		Release|Any CPU = Release|Any CPU
	EndGlobalSection
	GlobalSection(ProjectConfigurationPlatforms) = postSolution
		{93454072-F78B-4833-BC06-3DD8B6E33228}.Debug|Any CPU.ActiveCfg = Debug|Any CPU
		{93454072-F78B-4833-BC06-3DD8B6E33228}.Debug|Any CPU.Build.0 = Debug|Any CPU
		{93454072-F78B-4833-BC06-3DD8B6E33228}.Release|Any CPU.ActiveCfg = Release|Any CPU
		{93454072-F78B-4833-BC06-3DD8B6E33228}.Release|Any CPU.Build.0 = Release|Any CPU
	EndGlobalSection
	GlobalSection(SolutionProperties) = preSolution
		HideSolutionNode = FALSE
	EndGlobalSection
	GlobalSection(ExtensibilityGlobals) = postSolution
		SolutionGuid = {426508F5-39A3-46BB-9CCA-980E6F86B508}
	EndGlobalSection
EndGlobal
